<?xml version="1.0" encoding="UTF-8" standalone="yes" ?>
<CodeBlocks_project_file>
	<FileVersion major="1" minor="6" />
	<Project>
		<Option title="Health Assistant" />
		<Option pch_mode="2" />
		<Option compiler="gcc" />
		<Build>
			<Target title="Debug">
				<Option output="bin/Debug/Health Assistant" prefix_auto="1" extension_auto="1" />
				<Option object_output="obj/Debug/" />
				<Option type="1" />
				<Option compiler="gcc" />
				<Compiler>
					<Add option="-g" />
				</Compiler>
			</Target>
			<Target title="Release">
				<Option output="bin/Release/Health Assistant" prefix_auto="1" extension_auto="1" />
				<Option object_output="obj/Release/" />
				<Option type="1" />
				<Option compiler="gcc" />
				<Compiler>
					<Add option="-O2" />
				</Compiler>
				<Linker>
					<Add option="-s" />
				</Linker>
			</Target>
		</Build>
		<Compiler>
			<Add option="-Wall" />
			<Add option="-fexceptions" />
		</Compiler>
		<Unit filename="account_type.cpp">
			<Option target="&lt;{~None~}&gt;" />
		</Unit>
		<Unit filename="account_type.h">
			<Option target="&lt;{~None~}&gt;" />
		</Unit>
		<Unit filename="addresstype.cpp">
			<Option target="&lt;{~None~}&gt;" />
		</Unit>
		<Unit filename="addresstype.h">
			<Option target="&lt;{~None~}&gt;" />
		</Unit>
		<Unit filename="datetype.cpp">
			<Option target="&lt;{~None~}&gt;" />
		</Unit>
		<Unit filename="datetype.h">
			<Option target="&lt;{~None~}&gt;" />
		</Unit>
		<Unit filename="doctor_type_account.cpp">
			<Option target="&lt;{~None~}&gt;" />
		</Unit>
		<Unit filename="doctor_type_account.h">
			<Option target="&lt;{~None~}&gt;" />
		</Unit>
		<Unit filename="doctor_type_database.cpp">
			<Option target="&lt;{~None~}&gt;" />
		</Unit>
		<Unit filename="doctor_type_database.h">
			<Option target="&lt;{~None~}&gt;" />
		</Unit>
		<Unit filename="doctorusertype.cpp">
			<Option target="&lt;{~None~}&gt;" />
		</Unit>
		<Unit filename="doctorusertype.h">
			<Option target="&lt;{~None~}&gt;" />
		</Unit>
		<Unit filename="hashmap.cpp">
			<Option target="&lt;{~None~}&gt;" />
		</Unit>
		<Unit filename="hashmap.h">
			<Option target="&lt;{~None~}&gt;" />
		</Unit>
		<Unit filename="main.cpp" />
		<Unit filename="manager.cpp">
			<Option target="&lt;{~None~}&gt;" />
		</Unit>
		<Unit filename="manager.h">
			<Option target="&lt;{~None~}&gt;" />
		</Unit>
		<Unit filename="multimap.cpp">
			<Option target="&lt;{~None~}&gt;" />
		</Unit>
		<Unit filename="multimap.h">
			<Option target="&lt;{~None~}&gt;" />
		</Unit>
		<Unit filename="nametype.cpp">
			<Option target="&lt;{~None~}&gt;" />
		</Unit>
		<Unit filename="nametype.h">
			<Option target="&lt;{~None~}&gt;" />
		</Unit>
		<Unit filename="patient_list_handler.cpp">
			<Option target="&lt;{~None~}&gt;" />
		</Unit>
		<Unit filename="patient_list_handler.h">
			<Option target="&lt;{~None~}&gt;" />
		</Unit>
		<Unit filename="patient_type_account.cpp">
			<Option target="&lt;{~None~}&gt;" />
		</Unit>
		<Unit filename="patient_type_account.h">
			<Option target="&lt;{~None~}&gt;" />
		</Unit>
		<Unit filename="patient_type_account.h/" />
		<Unit filename="patient_type_database.cpp">
			<Option target="&lt;{~None~}&gt;" />
		</Unit>
		<Unit filename="patient_type_database.h">
			<Option target="&lt;{~None~}&gt;" />
		</Unit>
		<Unit filename="patientusertype.cpp">
			<Option target="&lt;{~None~}&gt;" />
		</Unit>
		<Unit filename="patientusertype.h">
			<Option target="&lt;{~None~}&gt;" />
		</Unit>
		<Unit filename="queuetype.cpp">
			<Option target="&lt;{~None~}&gt;" />
		</Unit>
		<Unit filename="queuetype.h">
			<Option target="&lt;{~None~}&gt;" />
		</Unit>
		<Unit filename="review_handler.cpp">
			<Option target="&lt;{~None~}&gt;" />
		</Unit>
		<Unit filename="review_handler.h">
			<Option target="&lt;{~None~}&gt;" />
		</Unit>
		<Unit filename="review_type.cpp">
			<Option target="&lt;{~None~}&gt;" />
		</Unit>
		<Unit filename="review_type.h">
			<Option target="&lt;{~None~}&gt;" />
		</Unit>
		<Unit filename="useritemtype.cpp">
			<Option target="&lt;{~None~}&gt;" />
		</Unit>
		<Unit filename="useritemtype.h">
			<Option target="&lt;{~None~}&gt;" />
		</Unit>
		<Extensions>
			<code_completion />
			<debugger />
		</Extensions>
	</Project>
</CodeBlocks_project_file>
